<?xml version="1.0" encoding="utf-8"?>
<Project ToolsVersion="4.0" xmlns="http://schemas.microsoft.com/developer/msbuild/2003">
  <ItemGroup>
    <Filter Include="Source Files">
      <UniqueIdentifier>{4FC737F1-C7A5-4376-A066-2A32D752A2FF}</UniqueIdentifier>
      <Extensions>cpp;c;cc;cxx;c++;cppm;ixx;def;odl;idl;hpj;bat;asm;asmx</Extensions>
    </Filter>
    <Filter Include="Header Files">
      <UniqueIdentifier>{93995380-89BD-4b04-88EB-625FBE52EBFB}</UniqueIdentifier>
      <Extensions>h;hh;hpp;hxx;h++;hm;inl;inc;ipp;xsd</Extensions>
    </Filter>
    <Filter Include="Resource Files">
      <UniqueIdentifier>{67DA6AB6-F800-4c08-8B7A-83BB121AAD01}</UniqueIdentifier>
      <Extensions>rc;ico;cur;bmp;dlg;rc2;rct;bin;rgs;gif;jpg;jpeg;jpe;resx;tiff;tif;png;wav;mfcribbon-ms</Extensions>
    </Filter>
    <Filter Include="Header Files\imgui">
      <UniqueIdentifier>{80eceec4-d87a-4fe1-9eb8-0b6a5150ba81}</UniqueIdentifier>
    </Filter>
    <Filter Include="Source Files\imgui">
      <UniqueIdentifier>{47b59b68-92e3-436c-b0f4-871fa808053f}</UniqueIdentifier>
    </Filter>
    <Filter Include="Header Files\network">
      <UniqueIdentifier>{22d8afee-9c5e-4bea-8ae5-bf8b6dd888f8}</UniqueIdentifier>
    </Filter>
    <Filter Include="Source Files\network">
      <UniqueIdentifier>{a527640a-fd16-4faa-bc27-abb02853204a}</UniqueIdentifier>
    </Filter>
    <Filter Include="Header Files\script_gui">
      <UniqueIdentifier>{f67c0ac4-82c8-4df3-84fc-9292052de784}</UniqueIdentifier>
    </Filter>
    <Filter Include="Source Files\script_gui">
      <UniqueIdentifier>{4b0eaf98-9691-4ae9-941a-373d7a34d2cb}</UniqueIdentifier>
    </Filter>
    <Filter Include="js">
      <UniqueIdentifier>{485636df-4a12-4266-b13d-9986de108fd1}</UniqueIdentifier>
    </Filter>
  </ItemGroup>
  <ItemGroup>
    <ClCompile Include="imgui\imgui.cpp">
      <Filter>Source Files\imgui</Filter>
    </ClCompile>
    <ClCompile Include="imgui\imgui_demo.cpp">
      <Filter>Source Files\imgui</Filter>
    </ClCompile>
    <ClCompile Include="imgui\imgui_draw.cpp">
      <Filter>Source Files\imgui</Filter>
    </ClCompile>
    <ClCompile Include="imgui\imgui_impl_dx11.cpp">
      <Filter>Source Files\imgui</Filter>
    </ClCompile>
    <ClCompile Include="imgui\imgui_impl_win32.cpp">
      <Filter>Source Files\imgui</Filter>
    </ClCompile>
    <ClCompile Include="imgui\imgui_tables.cpp">
      <Filter>Source Files\imgui</Filter>
    </ClCompile>
    <ClCompile Include="imgui\imgui_widgets.cpp">
      <Filter>Source Files\imgui</Filter>
    </ClCompile>
    <ClCompile Include="DXContext.cpp">
      <Filter>Source Files</Filter>
    </ClCompile>
    <ClCompile Include="DefaultModule.cpp">
      <Filter>Source Files</Filter>
    </ClCompile>
    <ClCompile Include="DXMain.cpp">
      <Filter>Source Files</Filter>
    </ClCompile>
    <ClCompile Include="main.cpp">
      <Filter>Source Files</Filter>
    </ClCompile>
    <ClCompile Include="AsyncCallbacks.cpp">
      <Filter>Source Files</Filter>
    </ClCompile>
    <ClCompile Include="network\HttpClient.cpp">
      <Filter>Source Files\network</Filter>
    </ClCompile>
    <ClCompile Include="network\WrapperHttpClient.cpp">
      <Filter>Source Files\network</Filter>
    </ClCompile>
    <ClCompile Include="script_gui\ScriptWindow.cpp">
      <Filter>Source Files\script_gui</Filter>
    </ClCompile>
    <ClCompile Include="script_gui\WrapperScriptWindow.cpp">
      <Filter>Source Files\script_gui</Filter>
    </ClCompile>
    <ClCompile Include="script_gui\Elements.cpp">
      <Filter>Source Files\script_gui</Filter>
    </ClCompile>
    <ClCompile Include="script_gui\WrapperElements.cpp">
      <Filter>Source Files\script_gui</Filter>
    </ClCompile>
  </ItemGroup>
  <ItemGroup>
    <ClInclude Include="imgui\imconfig.h">
      <Filter>Header Files\imgui</Filter>
    </ClInclude>
    <ClInclude Include="imgui\imgui.h">
      <Filter>Header Files\imgui</Filter>
    </ClInclude>
    <ClInclude Include="imgui\imgui_impl_dx11.h">
      <Filter>Header Files\imgui</Filter>
    </ClInclude>
    <ClInclude Include="imgui\imgui_impl_win32.h">
      <Filter>Header Files\imgui</Filter>
    </ClInclude>
    <ClInclude Include="imgui\imgui_internal.h">
      <Filter>Header Files\imgui</Filter>
    </ClInclude>
    <ClInclude Include="imgui\imstb_rectpack.h">
      <Filter>Header Files\imgui</Filter>
    </ClInclude>
    <ClInclude Include="imgui\imstb_textedit.h">
      <Filter>Header Files\imgui</Filter>
    </ClInclude>
    <ClInclude Include="imgui\imstb_truetype.h">
      <Filter>Header Files\imgui</Filter>
    </ClInclude>
    <ClInclude Include="DXContext.h">
      <Filter>Header Files</Filter>
    </ClInclude>
    <ClInclude Include="DefaultModule.h">
      <Filter>Header Files</Filter>
    </ClInclude>
    <ClInclude Include="DXMain.h">
      <Filter>Header Files</Filter>
    </ClInclude>
    <ClInclude Include="AsyncCallbacks.h">
      <Filter>Header Files</Filter>
    </ClInclude>
    <ClInclude Include="ConcurrentQueue.h">
      <Filter>Header Files</Filter>
    </ClInclude>
    <ClInclude Include="Semaphore.h">
      <Filter>Header Files</Filter>
    </ClInclude>
    <ClInclude Include="network\cacert.pem.h">
      <Filter>Header Files\network</Filter>
    </ClInclude>
    <ClInclude Include="network\HttpClient.h">
      <Filter>Header Files\network</Filter>
    </ClInclude>
    <ClInclude Include="network\root_certificates.hpp">
      <Filter>Header Files\network</Filter>
    </ClInclude>
    <ClInclude Include="network\WrapperHttpClient.h">
      <Filter>Header Files\network</Filter>
    </ClInclude>
    <ClInclude Include="script_gui\ScriptWindow.h">
      <Filter>Header Files\script_gui</Filter>
    </ClInclude>
    <ClInclude Include="script_gui\WrapperScriptWindow.h">
      <Filter>Header Files\script_gui</Filter>
    </ClInclude>
    <ClInclude Include="script_gui\Elements.h">
      <Filter>Header Files\script_gui</Filter>
    </ClInclude>
    <ClInclude Include="script_gui\WrapperElements.h">
      <Filter>Header Files\script_gui</Filter>
    </ClInclude>
  </ItemGroup>
  <ItemGroup>
    <None Include="packages.config" />
    <None Include="hello_world.js">
      <Filter>js</Filter>
    </None>
    <None Include="http_get.js">
      <Filter>js</Filter>
    </None>
    <None Include="script_window.js">
      <Filter>js</Filter>
    </None>
  </ItemGroup>
</Project>